
Microsoft Visual Studio Solution File, Format Version 12.00
# Visual Studio Version 17
VisualStudioVersion = 17.0.31903.59
MinimumVisualStudioVersion = 10.0.40219.1
Project("{9A19103F-16F7-4668-BE54-9A1E7A4F7556}") = "Day1", "Day1\Day1.csproj", "{4EA2FF6F-E6A0-4241-9131-046436E5D9FE}"
EndProject
Project("{9A19103F-16F7-4668-BE54-9A1E7A4F7556}") = "Day2", "Day2\Day2.csproj", "{230BD2FD-88DC-46DF-BECC-C6CA52F1FD76}"
EndProject
Project("{9A19103F-16F7-4668-BE54-9A1E7A4F7556}") = "Day3", "Day3\Day3.csproj", "{8C291383-8FC4-41B5-A376-C2E90E8B5B87}"
EndProject
Project("{9A19103F-16F7-4668-BE54-9A1E7A4F7556}") = "Day4", "Day4\Day4.csproj", "{2DCC9B4E-563C-473F-854B-41C8A8FCDF6D}"
EndProject
Project("{9A19103F-16F7-4668-BE54-9A1E7A4F7556}") = "Day5", "Day5\Day5.csproj", "{6FA707B1-E18D-427D-9E96-EEA602B551CD}"
EndProject
Project("{FAE04EC0-301F-11D3-BF4B-00C04F79EFBC}") = "Day6", "Day6\Day6.csproj", "{EE3AFC6B-2D05-41FF-9587-A92F56C8360A}"
EndProject
Project("{FAE04EC0-301F-11D3-BF4B-00C04F79EFBC}") = "Day7", "Day7\Day7.csproj", "{FD6F52F4-2FF0-40F4-B75F-A59E53650EDB}"
EndProject
Project("{FAE04EC0-301F-11D3-BF4B-00C04F79EFBC}") = "Day8", "Day8\Day8.csproj", "{B7D60744-B213-4A93-879F-933D567FE93D}"
EndProject
Global
	GlobalSection(SolutionConfigurationPlatforms) = preSolution
		Debug|Any CPU = Debug|Any CPU
		Release|Any CPU = Release|Any CPU
	EndGlobalSection
	GlobalSection(ProjectConfigurationPlatforms) = postSolution
		{4EA2FF6F-E6A0-4241-9131-046436E5D9FE}.Debug|Any CPU.ActiveCfg = Debug|Any CPU
		{4EA2FF6F-E6A0-4241-9131-046436E5D9FE}.Debug|Any CPU.Build.0 = Debug|Any CPU
		{4EA2FF6F-E6A0-4241-9131-046436E5D9FE}.Release|Any CPU.ActiveCfg = Release|Any CPU
		{4EA2FF6F-E6A0-4241-9131-046436E5D9FE}.Release|Any CPU.Build.0 = Release|Any CPU
		{230BD2FD-88DC-46DF-BECC-C6CA52F1FD76}.Debug|Any CPU.ActiveCfg = Debug|Any CPU
		{230BD2FD-88DC-46DF-BECC-C6CA52F1FD76}.Debug|Any CPU.Build.0 = Debug|Any CPU
		{230BD2FD-88DC-46DF-BECC-C6CA52F1FD76}.Release|Any CPU.ActiveCfg = Release|Any CPU
		{230BD2FD-88DC-46DF-BECC-C6CA52F1FD76}.Release|Any CPU.Build.0 = Release|Any CPU
		{8C291383-8FC4-41B5-A376-C2E90E8B5B87}.Debug|Any CPU.ActiveCfg = Debug|Any CPU
		{8C291383-8FC4-41B5-A376-C2E90E8B5B87}.Debug|Any CPU.Build.0 = Debug|Any CPU
		{8C291383-8FC4-41B5-A376-C2E90E8B5B87}.Release|Any CPU.ActiveCfg = Release|Any CPU
		{8C291383-8FC4-41B5-A376-C2E90E8B5B87}.Release|Any CPU.Build.0 = Release|Any CPU
		{2DCC9B4E-563C-473F-854B-41C8A8FCDF6D}.Debug|Any CPU.ActiveCfg = Debug|Any CPU
		{2DCC9B4E-563C-473F-854B-41C8A8FCDF6D}.Debug|Any CPU.Build.0 = Debug|Any CPU
		{2DCC9B4E-563C-473F-854B-41C8A8FCDF6D}.Release|Any CPU.ActiveCfg = Release|Any CPU
		{2DCC9B4E-563C-473F-854B-41C8A8FCDF6D}.Release|Any CPU.Build.0 = Release|Any CPU
		{6FA707B1-E18D-427D-9E96-EEA602B551CD}.Debug|Any CPU.ActiveCfg = Debug|Any CPU
		{6FA707B1-E18D-427D-9E96-EEA602B551CD}.Debug|Any CPU.Build.0 = Debug|Any CPU
		{6FA707B1-E18D-427D-9E96-EEA602B551CD}.Release|Any CPU.ActiveCfg = Release|Any CPU
		{6FA707B1-E18D-427D-9E96-EEA602B551CD}.Release|Any CPU.Build.0 = Release|Any CPU
		{EE3AFC6B-2D05-41FF-9587-A92F56C8360A}.Debug|Any CPU.ActiveCfg = Debug|Any CPU
		{EE3AFC6B-2D05-41FF-9587-A92F56C8360A}.Debug|Any CPU.Build.0 = Debug|Any CPU
		{EE3AFC6B-2D05-41FF-9587-A92F56C8360A}.Release|Any CPU.ActiveCfg = Release|Any CPU
		{EE3AFC6B-2D05-41FF-9587-A92F56C8360A}.Release|Any CPU.Build.0 = Release|Any CPU
		{FD6F52F4-2FF0-40F4-B75F-A59E53650EDB}.Debug|Any CPU.ActiveCfg = Debug|Any CPU
		{FD6F52F4-2FF0-40F4-B75F-A59E53650EDB}.Debug|Any CPU.Build.0 = Debug|Any CPU
		{FD6F52F4-2FF0-40F4-B75F-A59E53650EDB}.Release|Any CPU.ActiveCfg = Release|Any CPU
		{FD6F52F4-2FF0-40F4-B75F-A59E53650EDB}.Release|Any CPU.Build.0 = Release|Any CPU
		{B7D60744-B213-4A93-879F-933D567FE93D}.Debug|Any CPU.ActiveCfg = Debug|Any CPU
		{B7D60744-B213-4A93-879F-933D567FE93D}.Debug|Any CPU.Build.0 = Debug|Any CPU
		{B7D60744-B213-4A93-879F-933D567FE93D}.Release|Any CPU.ActiveCfg = Release|Any CPU
		{B7D60744-B213-4A93-879F-933D567FE93D}.Release|Any CPU.Build.0 = Release|Any CPU
	EndGlobalSection
	GlobalSection(SolutionProperties) = preSolution
		HideSolutionNode = FALSE
	EndGlobalSection
	GlobalSection(ExtensibilityGlobals) = postSolution
		SolutionGuid = {2B8B9C52-4ABA-4EA6-85A5-3195F98C9157}
	EndGlobalSection
EndGlobal
